<?xml version="1.0" encoding="utf-8"?>
<Project ToolsVersion="4.0" xmlns="http://schemas.microsoft.com/developer/msbuild/2003">
  <ItemGroup>
    <Filter Include="Maps">
      <UniqueIdentifier>{ca38a90d-e0c2-43cb-84f4-3492d4693f17}</UniqueIdentifier>
    </Filter>
    <Filter Include="Maps\Source Files">
      <UniqueIdentifier>{dd68b4c5-41da-4e9d-b064-4ae065e3ccef}</UniqueIdentifier>
    </Filter>
    <Filter Include="Maps\Header Files">
      <UniqueIdentifier>{320db237-96cd-4066-90fc-d696d208ff57}</UniqueIdentifier>
    </Filter>
    <Filter Include="Entity">
      <UniqueIdentifier>{05994364-9d20-405c-8c14-2757dfa1104b}</UniqueIdentifier>
    </Filter>
    <Filter Include="Entity\Source Files">
      <UniqueIdentifier>{0e8edd8a-2878-4e33-9aa8-bcf3b46137d4}</UniqueIdentifier>
    </Filter>
    <Filter Include="Entity\Header Files">
      <UniqueIdentifier>{93995380-89BD-4b04-88EB-625FBE52EBFB}</UniqueIdentifier>
      <Extensions>h;hpp;hxx;hm;inl;inc;xsd</Extensions>
    </Filter>
    <Filter Include="Entity\Components">
      <UniqueIdentifier>{e9ceafce-bc53-40d2-a4a3-6ebdb6c987aa}</UniqueIdentifier>
    </Filter>
    <Filter Include="Entity\Components\Source Files">
      <UniqueIdentifier>{0d3eb664-af15-498e-9e00-23d67b9c271e}</UniqueIdentifier>
    </Filter>
    <Filter Include="Entity\Components\Header Files">
      <UniqueIdentifier>{40d43982-4d6f-4a4a-b427-ce5753f432e3}</UniqueIdentifier>
    </Filter>
    <Filter Include="Managers">
      <UniqueIdentifier>{bec30086-fc42-4a93-9d84-07d215bcd959}</UniqueIdentifier>
    </Filter>
    <Filter Include="Managers\Source Files">
      <UniqueIdentifier>{f4ecddf6-03fe-4df8-a10e-983c994be315}</UniqueIdentifier>
    </Filter>
    <Filter Include="Managers\Header Files">
      <UniqueIdentifier>{c05e6719-aa6b-4739-a2e1-8005e4fc7031}</UniqueIdentifier>
    </Filter>
  </ItemGroup>
  <ItemGroup>
    <ClCompile Include="..\..\Src\Logic\Maps\ComponentFactory.cpp">
      <Filter>Maps\Source Files</Filter>
    </ClCompile>
    <ClCompile Include="..\..\Src\Logic\Maps\EntityFactory.cpp">
      <Filter>Maps\Source Files</Filter>
    </ClCompile>
    <ClCompile Include="..\..\Src\Logic\Maps\EntityID.cpp">
      <Filter>Maps\Source Files</Filter>
    </ClCompile>
    <ClCompile Include="..\..\Src\Logic\Maps\Map.cpp">
      <Filter>Maps\Source Files</Filter>
    </ClCompile>
    <ClCompile Include="..\..\Src\Logic\Entity\CommunicationPort.cpp">
      <Filter>Entity\Source Files</Filter>
    </ClCompile>
    <ClCompile Include="..\..\Src\Logic\Entity\Component.cpp">
      <Filter>Entity\Source Files</Filter>
    </ClCompile>
    <ClCompile Include="..\..\Src\Logic\Entity\Entity.cpp">
      <Filter>Entity\Source Files</Filter>
    </ClCompile>
    <ClCompile Include="..\..\Src\Logic\Server.cpp">
      <Filter>Maps\Source Files</Filter>
    </ClCompile>
    <ClCompile Include="..\..\Src\Logic\Entity\Components\AvatarController.cpp">
      <Filter>Entity\Components\Source Files</Filter>
    </ClCompile>
    <ClCompile Include="..\..\Src\Logic\Entity\Components\Camera.cpp">
      <Filter>Entity\Components\Source Files</Filter>
    </ClCompile>
    <ClCompile Include="..\..\Src\Logic\Entity\Components\Graphics.cpp">
      <Filter>Entity\Components\Source Files</Filter>
    </ClCompile>
    <ClCompile Include="..\..\Src\Logic\Entity\Components\IADummy.cpp">
      <Filter>Entity\Components\Source Files</Filter>
    </ClCompile>
    <ClCompile Include="..\..\Src\Logic\Managers\MapManager.cpp">
      <Filter>Managers\Source Files</Filter>
    </ClCompile>
    <ClCompile Include="..\..\Src\Logic\Entity\Components\DoorTrigger.cpp">
      <Filter>Entity\Components\Source Files</Filter>
    </ClCompile>
    <ClCompile Include="..\..\Src\Logic\Entity\Components\SteeringMovement.cpp">
      <Filter>Entity\Components\Source Files</Filter>
    </ClCompile>
    <ClCompile Include="..\..\Src\Logic\Entity\Components\EntityController.cpp">
      <Filter>Entity\Components\Source Files</Filter>
    </ClCompile>
    <ClCompile Include="..\..\Src\Logic\Entity\Components\PhysicController.cpp">
      <Filter>Entity\Components\Source Files</Filter>
    </ClCompile>
    <ClCompile Include="..\..\Src\Logic\Entity\Components\PhysicEntity.cpp">
      <Filter>Entity\Components\Source Files</Filter>
    </ClCompile>
    <ClCompile Include="..\..\Src\Logic\Entity\Components\PlayerLightController.cpp">
      <Filter>Entity\Components\Source Files</Filter>
    </ClCompile>
    <ClCompile Include="..\..\Src\Logic\Managers\PoolManager.cpp">
      <Filter>Managers\Source Files</Filter>
    </ClCompile>
    <ClCompile Include="..\..\Src\Logic\Entity\Components\SpotLight.cpp">
      <Filter>Entity\Components\Source Files</Filter>
    </ClCompile>
    <ClCompile Include="..\..\Src\Logic\Entity\Components\Directional.cpp">
      <Filter>Entity\Components\Source Files</Filter>
    </ClCompile>
    <ClCompile Include="..\..\Src\Logic\Entity\Components\PuntualLight.cpp">
      <Filter>Entity\Components\Source Files</Filter>
    </ClCompile>
    <ClCompile Include="..\..\Src\Logic\Entity\Components\TorchBehaviour.cpp">
      <Filter>Entity\Components\Source Files</Filter>
    </ClCompile>
    <ClCompile Include="..\..\Src\Logic\Entity\Components\BarrilTrigger.cpp">
      <Filter>Entity\Components\Source Files</Filter>
    </ClCompile>
    <ClCompile Include="..\..\Src\Logic\Entity\Components\TimeToLive.cpp">
      <Filter>Entity\Components\Source Files</Filter>
    </ClCompile>
    <ClCompile Include="..\..\Src\Logic\Entity\Components\Life.cpp">
      <Filter>Entity\Components\Source Files</Filter>
    </ClCompile>
    <ClCompile Include="..\..\Src\Logic\Entity\Components\CameraEffects.cpp">
      <Filter>Entity\Components\Source Files</Filter>
    </ClCompile>
    <ClCompile Include="..\..\Src\Logic\Entity\Components\AumentoUnSalto.cpp">
      <Filter>Entity\Components\Source Files</Filter>
    </ClCompile>
    <ClCompile Include="..\..\Src\Logic\Entity\Components\Arms.cpp">
      <Filter>Entity\Components\Source Files</Filter>
    </ClCompile>
    <ClCompile Include="..\..\Src\Logic\Entity\Components\UsableObjectTrigger.cpp">
      <Filter>Entity\Components\Source Files</Filter>
    </ClCompile>
    <ClCompile Include="..\..\Src\Logic\Entity\Components\FloatingObject.cpp">
      <Filter>Entity\Components\Source Files</Filter>
    </ClCompile>
    <ClCompile Include="..\..\Src\Logic\Entity\Components\WeaponController.cpp">
      <Filter>Entity\Components\Source Files</Filter>
    </ClCompile>
    <ClCompile Include="..\..\Src\Logic\Entity\Components\SmartObjectJump.cpp">
      <Filter>Entity\Components\Source Files</Filter>
    </ClCompile>
    <ClCompile Include="..\..\Src\Logic\Entity\Components\PhysicsDebug.cpp">
      <Filter>Entity\Components\Source Files</Filter>
    </ClCompile>
    <ClCompile Include="..\..\Src\Logic\Entity\Components\BulletController.cpp">
      <Filter>Entity\Components\Source Files</Filter>
    </ClCompile>
    <ClCompile Include="..\..\Src\Logic\Entity\Components\GunAK47.cpp">
      <Filter>Entity\Components\Source Files</Filter>
    </ClCompile>
    <ClCompile Include="..\..\Src\Logic\Entity\ScriptEntity.cpp">
      <Filter>Entity\Source Files</Filter>
    </ClCompile>
    <ClCompile Include="..\..\Src\Logic\Entity\Components\ParticleController.cpp">
      <Filter>Entity\Components\Source Files</Filter>
    </ClCompile>
    <ClCompile Include="..\..\Src\Logic\Entity\Components\PhysicWeapon.cpp">
      <Filter>Entity\Components\Source Files</Filter>
    </ClCompile>
    <ClCompile Include="..\..\Src\Logic\Entity\Components\EnemyMeleeAttack.cpp">
      <Filter>Entity\Components\Source Files</Filter>
    </ClCompile>
    <ClCompile Include="..\..\Src\Logic\Entity\Components\Weapon.cpp">
      <Filter>Entity\Components\Source Files</Filter>
    </ClCompile>
    <ClCompile Include="..\..\Src\Logic\Entity\Components\Katana.cpp">
      <Filter>Entity\Components\Source Files</Filter>
    </ClCompile>
    <ClCompile Include="..\..\Src\Logic\Entity\Components\SoundSystem.cpp">
      <Filter>Entity\Components\Source Files</Filter>
    </ClCompile>
    <ClCompile Include="..\..\Src\Logic\Entity\Components\SoundSystem3D.cpp">
      <Filter>Entity\Components\Source Files</Filter>
    </ClCompile>
    <ClCompile Include="..\..\Src\Logic\Entity\Components\SoundListener.cpp">
      <Filter>Entity\Components\Source Files</Filter>
    </ClCompile>
    <ClCompile Include="..\..\Src\Logic\Entity\Components\BarraLifeController.cpp">
      <Filter>Entity\Components\Source Files</Filter>
    </ClCompile>
    <ClCompile Include="..\..\Src\Logic\Entity\Components\ScriptComponent.cpp">
      <Filter>Entity\Components\Source Files</Filter>
    </ClCompile>
    <ClCompile Include="..\..\Src\Logic\Entity\Components\Shake.cpp">
      <Filter>Entity\Components\Source Files</Filter>
    </ClCompile>
    <ClCompile Include="..\..\Src\Logic\Entity\Components\AnimatedGraphics.cpp">
      <Filter>Entity\Components\Source Files</Filter>
    </ClCompile>
    <ClCompile Include="..\..\Src\Logic\Entity\Components\LifePlayer.cpp">
      <Filter>Entity\Components\Source Files</Filter>
    </ClCompile>
    <ClCompile Include="..\..\Src\Logic\Entity\Components\LifeEnemy.cpp">
      <Filter>Entity\Components\Source Files</Filter>
    </ClCompile>
    <ClCompile Include="..\..\Src\Logic\Entity\Components\IAApproach.cpp">
      <Filter>Entity\Components\Source Files</Filter>
    </ClCompile>
    <ClCompile Include="..\..\Src\Logic\Entity\Components\IAIdle.cpp">
      <Filter>Entity\Components\Source Files</Filter>
    </ClCompile>
    <ClCompile Include="..\..\Src\Logic\Entity\Components\IAShootUniDir.cpp">
      <Filter>Entity\Components\Source Files</Filter>
    </ClCompile>
    <ClCompile Include="..\..\Src\Logic\Entity\Components\IAShootRaycast.cpp">
      <Filter>Entity\Components\Source Files</Filter>
    </ClCompile>
    <ClCompile Include="..\..\Src\Logic\Entity\Components\IAShootPlayer.cpp">
      <Filter>Entity\Components\Source Files</Filter>
    </ClCompile>
    <ClCompile Include="..\..\Src\Logic\Entity\Components\IAKamikaze.cpp">
      <Filter>Entity\Components\Source Files</Filter>
    </ClCompile>
    <ClCompile Include="..\..\Src\Logic\Entity\Components\IADodge.cpp">
      <Filter>Entity\Components\Source Files</Filter>
    </ClCompile>
    <ClCompile Include="..\..\Src\Logic\Entity\Components\IADefend.cpp">
      <Filter>Entity\Components\Source Files</Filter>
    </ClCompile>
    <ClCompile Include="..\..\Src\Logic\Entity\Components\IAInvincible.cpp">
      <Filter>Entity\Components\Source Files</Filter>
    </ClCompile>
    <ClCompile Include="..\..\Src\Logic\Entity\Components\IAPong.cpp">
      <Filter>Entity\Components\Source Files</Filter>
    </ClCompile>
    <ClCompile Include="..\..\Src\Logic\Entity\Components\IAWander.cpp">
      <Filter>Entity\Components\Source Files</Filter>
    </ClCompile>
    <ClCompile Include="..\..\Src\Logic\Entity\Components\IAApproachMultiDir.cpp">
      <Filter>Entity\Components\Source Files</Filter>
    </ClCompile>
    <ClCompile Include="..\..\Src\Logic\Entity\Components\MovableText.cpp">
      <Filter>Entity\Components\Source Files</Filter>
    </ClCompile>
    <ClCompile Include="..\..\Src\Logic\Entity\Components\CoinTorqueController.cpp">
      <Filter>Entity\Components\Source Files</Filter>
    </ClCompile>
    <ClCompile Include="..\..\Src\Logic\Entity\Components\PhysicCoin.cpp">
      <Filter>Entity\Components\Source Files</Filter>
    </ClCompile>
    <ClCompile Include="..\..\Src\Logic\Entity\Components\StaticText.cpp">
      <Filter>Entity\Components\Source Files</Filter>
    </ClCompile>
    <ClCompile Include="..\..\Src\Logic\Entity\Components\LifeButler.cpp">
      <Filter>Entity\Components\Source Files</Filter>
    </ClCompile>
    <ClCompile Include="..\..\Src\Logic\Entity\Components\IATeleport.cpp">
      <Filter>Entity\Components\Source Files</Filter>
    </ClCompile>
    <ClCompile Include="..\..\Src\Logic\Entity\Components\IARunAway.cpp">
      <Filter>Entity\Components\Source Files</Filter>
    </ClCompile>
    <ClCompile Include="..\..\Src\Logic\Entity\Components\IASummon.cpp">
      <Filter>Entity\Components\Source Files</Filter>
    </ClCompile>
    <ClCompile Include="..\..\Src\Logic\Entity\Components\PhysicDoor.cpp">
      <Filter>Entity\Components\Source Files</Filter>
    </ClCompile>
    <ClCompile Include="..\..\Src\Logic\Entity\Components\LifeDoor.cpp">
      <Filter>Entity\Components\Source Files</Filter>
    </ClCompile>
    <ClCompile Include="..\..\Src\Logic\Entity\Components\TimeToDisappear..cpp">
      <Filter>Entity\Components\Source Files</Filter>
    </ClCompile>
    <ClCompile Include="..\..\Src\Logic\Entity\Components\RibbonTrailComponent.cpp">
      <Filter>Entity\Components\Source Files</Filter>
    </ClCompile>
    <ClCompile Include="..\..\Src\Logic\Entity\Components\IAApproachPosition.cpp">
      <Filter>Entity\Components\Source Files</Filter>
    </ClCompile>
    <ClCompile Include="..\..\Src\Logic\Entity\Components\IASeekRay.cpp">
      <Filter>Entity\Components\Source Files</Filter>
    </ClCompile>
    <ClCompile Include="..\..\Src\Logic\Entity\Components\IAStealLife.cpp">
      <Filter>Entity\Components\Source Files</Filter>
    </ClCompile>
    <ClCompile Include="..\..\Src\Logic\Entity\Components\GunLaser.cpp">
      <Filter>Entity\Components\Source Files</Filter>
    </ClCompile>
    <ClCompile Include="..\..\Src\Logic\Entity\Components\AIIntermediate.cpp">
      <Filter>Entity\Components\Source Files</Filter>
    </ClCompile>
    <ClCompile Include="..\..\Src\Logic\Entity\Components\IAAvoid.cpp">
      <Filter>Entity\Components\Source Files</Filter>
    </ClCompile>
    <ClCompile Include="..\..\Src\Logic\Entity\Components\CameraMenu.cpp">
      <Filter>Entity\Components\Source Files</Filter>
    </ClCompile>
    <ClCompile Include="..\..\Src\Logic\Entity\Components\SoulMenuGenerator.cpp">
      <Filter>Entity\Components\Source Files</Filter>
    </ClCompile>
    <ClCompile Include="..\..\Src\Logic\Entity\Components\SoulController.cpp">
      <Filter>Entity\Components\Source Files</Filter>
    </ClCompile>
    <ClCompile Include="..\..\Src\Logic\Entity\Components\SoulLightEffect.cpp">
      <Filter>Entity\Components\Source Files</Filter>
    </ClCompile>
    <ClCompile Include="..\..\Src\Logic\Entity\Components\LaserBeamController.cpp">
      <Filter>Entity\Components\Source Files</Filter>
    </ClCompile>
    <ClCompile Include="..\..\Src\Logic\Entity\Components\TileFragile.cpp">
      <Filter>Entity\Components\Source Files</Filter>
    </ClCompile>
    <ClCompile Include="..\..\Src\Logic\Entity\Components\PhysicTileFragile.cpp">
      <Filter>Entity\Components\Source Files</Filter>
    </ClCompile>
    <ClCompile Include="..\..\Src\Logic\Entity\Components\VerVidaEnemigos.cpp">
      <Filter>Entity\Components\Source Files</Filter>
    </ClCompile>
    <ClCompile Include="..\..\Src\Logic\Entity\Components\RegeneracionVida.cpp">
      <Filter>Entity\Components\Source Files</Filter>
    </ClCompile>
    <ClCompile Include="..\..\Src\Logic\Entity\Components\AumentoVidaMaxima.cpp">
      <Filter>Entity\Components\Source Files</Filter>
    </ClCompile>
    <ClCompile Include="..\..\Src\Logic\Entity\Components\AumentoPorcentajeAlmas.cpp">
      <Filter>Entity\Components\Source Files</Filter>
    </ClCompile>
    <ClCompile Include="..\..\Src\Logic\Entity\Components\DamageMeleeEnemy.cpp">
      <Filter>Entity\Components\Source Files</Filter>
    </ClCompile>
    <ClCompile Include="..\..\Src\Logic\Entity\Components\RibbonTrailComponentBis.cpp">
      <Filter>Entity\Components\Source Files</Filter>
    </ClCompile>
    <ClCompile Include="..\..\Src\Logic\Entity\Components\SoulFeedbackController.cpp">
      <Filter>Entity\Components\Source Files</Filter>
    </ClCompile>
    <ClCompile Include="..\..\Src\Logic\Entity\Components\WaitAnimations.cpp">
      <Filter>Entity\Components\Source Files</Filter>
    </ClCompile>
    <ClCompile Include="..\..\Src\Logic\Entity\Components\GunDart.cpp">
      <Filter>Entity\Components\Source Files</Filter>
    </ClCompile>
    <ClCompile Include="..\..\Src\Logic\Entity\Components\particulaChupaAlmasController.cpp">
      <Filter>Entity\Components\Source Files</Filter>
    </ClCompile>
    <ClCompile Include="..\..\Src\Logic\Entity\Components\Billboard.cpp">
      <Filter>Entity\Components\Source Files</Filter>
    </ClCompile>
    <ClCompile Include="..\..\Src\Logic\Entity\Components\AltStatCanibal.cpp">
      <Filter>Entity\Components\Source Files</Filter>
    </ClCompile>
    <ClCompile Include="..\..\Src\Logic\Entity\Components\ArrowEnemy.cpp">
      <Filter>Entity\Components\Source Files</Filter>
    </ClCompile>
    <ClCompile Include="..\..\Src\Logic\Entity\Components\LaserBallController.cpp">
      <Filter>Entity\Components\Source Files</Filter>
    </ClCompile>
    <ClCompile Include="..\..\Src\Logic\Entity\Components\TriggerUsableWeapon.cpp">
      <Filter>Entity\Components\Source Files</Filter>
    </ClCompile>
    <ClCompile Include="..\..\Src\Logic\Entity\Components\CameraPause.cpp">
      <Filter>Entity\Components\Source Files</Filter>
    </ClCompile>
    <ClCompile Include="..\..\Src\Logic\Entity\Components\BannerAnimationController.cpp">
      <Filter>Entity\Components\Source Files</Filter>
    </ClCompile>
    <ClCompile Include="..\..\Src\Logic\Entity\Components\ReduceTimeChest.cpp">
      <Filter>Entity\Components\Source Files</Filter>
    </ClCompile>
    <ClCompile Include="..\..\Src\Logic\Entity\Components\AumentarTiempoReto.cpp">
      <Filter>Entity\Components\Source Files</Filter>
    </ClCompile>
    <ClCompile Include="..\..\Src\Logic\Entity\Components\GreenSword.cpp">
      <Filter>Entity\Components\Source Files</Filter>
    </ClCompile>
    <ClCompile Include="..\..\Src\Logic\Entity\Components\SwordSlashController.cpp">
      <Filter>Entity\Components\Source Files</Filter>
    </ClCompile>
    <ClCompile Include="..\..\Src\Logic\Entity\Components\ShieldSpecialController.cpp">
      <Filter>Entity\Components\Source Files</Filter>
    </ClCompile>
    <ClCompile Include="..\..\Src\Logic\Entity\Components\MeleeShield.cpp">
      <Filter>Entity\Components\Source Files</Filter>
    </ClCompile>
    <ClCompile Include="..\..\Src\Logic\Entity\Components\MeleeTongue.cpp">
      <Filter>Entity\Components\Source Files</Filter>
    </ClCompile>
    <ClCompile Include="..\..\Src\Logic\Entity\Components\AltStatesController.cpp">
      <Filter>Entity\Components\Source Files</Filter>
    </ClCompile>
    <ClCompile Include="..\..\Src\Logic\Entity\Components\TongueBallController.cpp">
      <Filter>Entity\Components\Source Files</Filter>
    </ClCompile>
    <ClCompile Include="..\..\Src\Logic\Entity\Components\PinchosController.cpp">
      <Filter>Entity\Components\Source Files</Filter>
    </ClCompile>
    <ClCompile Include="..\..\Src\Logic\Entity\Components\PushbackComponent.cpp">
      <Filter>Entity\Components\Source Files</Filter>
    </ClCompile>
    <ClCompile Include="..\..\Src\Logic\Entity\Components\AltarFeedbackController.cpp">
      <Filter>Entity\Components\Source Files</Filter>
    </ClCompile>
    <ClCompile Include="..\..\Src\Logic\Entity\Components\LifeBrokenObjects.cpp">
      <Filter>Entity\Components\Source Files</Filter>
    </ClCompile>
  </ItemGroup>
  <ItemGroup>
    <ClInclude Include="..\..\Src\Logic\Maps\ComponentFactory.h">
      <Filter>Maps\Header Files</Filter>
    </ClInclude>
    <ClInclude Include="..\..\Src\Logic\Maps\Documentation.h">
      <Filter>Maps\Header Files</Filter>
    </ClInclude>
    <ClInclude Include="..\..\Src\Logic\Maps\EntityFactory.h">
      <Filter>Maps\Header Files</Filter>
    </ClInclude>
    <ClInclude Include="..\..\Src\Logic\Maps\EntityID.h">
      <Filter>Maps\Header Files</Filter>
    </ClInclude>
    <ClInclude Include="..\..\Src\Logic\Maps\Map.h">
      <Filter>Maps\Header Files</Filter>
    </ClInclude>
    <ClInclude Include="..\..\Src\Logic\Entity\CommunicationPort.h">
      <Filter>Entity\Header Files</Filter>
    </ClInclude>
    <ClInclude Include="..\..\Src\Logic\Entity\Component.h">
      <Filter>Entity\Header Files</Filter>
    </ClInclude>
    <ClInclude Include="..\..\Src\Logic\Entity\Documentation.h">
      <Filter>Entity\Header Files</Filter>
    </ClInclude>
    <ClInclude Include="..\..\Src\Logic\Entity\Entity.h">
      <Filter>Entity\Header Files</Filter>
    </ClInclude>
    <ClInclude Include="..\..\Src\Logic\Entity\Message.h">
      <Filter>Entity\Header Files</Filter>
    </ClInclude>
    <ClInclude Include="..\..\Src\Logic\Entity\Components\AvatarController.h">
      <Filter>Entity\Components\Header Files</Filter>
    </ClInclude>
    <ClInclude Include="..\..\Src\Logic\Entity\Components\Camera.h">
      <Filter>Entity\Components\Header Files</Filter>
    </ClInclude>
    <ClInclude Include="..\..\Src\Logic\Entity\Components\Graphics.h">
      <Filter>Entity\Components\Header Files</Filter>
    </ClInclude>
    <ClInclude Include="..\..\Src\Logic\Documentation.h">
      <Filter>Maps\Header Files</Filter>
    </ClInclude>
    <ClInclude Include="..\..\Src\Logic\Server.h">
      <Filter>Maps\Header Files</Filter>
    </ClInclude>
    <ClInclude Include="..\..\Src\Logic\Entity\Components\IADummy.h">
      <Filter>Entity\Components\Header Files</Filter>
    </ClInclude>
    <ClInclude Include="..\..\Src\Logic\Managers\MapManager.h">
      <Filter>Managers\Header Files</Filter>
    </ClInclude>
    <ClInclude Include="..\..\Src\Logic\Entity\Components\DoorTrigger.h">
      <Filter>Entity\Components\Header Files</Filter>
    </ClInclude>
    <ClInclude Include="..\..\Src\Logic\Entity\Components\SteeringMovement.h">
      <Filter>Entity\Components\Header Files</Filter>
    </ClInclude>
    <ClInclude Include="..\..\Src\Logic\Entity\Components\EntityController.h">
      <Filter>Entity\Components\Header Files</Filter>
    </ClInclude>
    <ClInclude Include="..\..\Src\Logic\Entity\Components\PhysicController.h">
      <Filter>Entity\Components\Header Files</Filter>
    </ClInclude>
    <ClInclude Include="..\..\Src\Logic\Entity\Components\PhysicEntity.h">
      <Filter>Entity\Components\Header Files</Filter>
    </ClInclude>
    <ClInclude Include="..\..\Src\Logic\Entity\Components\Physics.h">
      <Filter>Entity\Components\Header Files</Filter>
    </ClInclude>
    <ClInclude Include="..\..\Src\Logic\Entity\Components\PlayerLightController.h">
      <Filter>Entity\Components\Header Files</Filter>
    </ClInclude>
    <ClInclude Include="..\..\Src\Logic\Managers\PoolManager.h">
      <Filter>Managers\Header Files</Filter>
    </ClInclude>
    <ClInclude Include="..\..\Src\Logic\Entity\Components\SpotLight.h">
      <Filter>Entity\Components\Header Files</Filter>
    </ClInclude>
    <ClInclude Include="..\..\Src\Logic\Entity\Components\Directional.h">
      <Filter>Entity\Components\Header Files</Filter>
    </ClInclude>
    <ClInclude Include="..\..\Src\Logic\Entity\Components\PuntualLight.h">
      <Filter>Entity\Components\Header Files</Filter>
    </ClInclude>
    <ClInclude Include="..\..\Src\Logic\Entity\Components\TorchBehaviour.h">
      <Filter>Entity\Components\Header Files</Filter>
    </ClInclude>
    <ClInclude Include="..\..\Src\Logic\Entity\Components\BarrilTrigger.h">
      <Filter>Entity\Components\Header Files</Filter>
    </ClInclude>
    <ClInclude Include="..\..\Src\Logic\Entity\Components\TimeToLive.h">
      <Filter>Entity\Components\Header Files</Filter>
    </ClInclude>
    <ClInclude Include="..\..\Src\Logic\Entity\Components\Life.h">
      <Filter>Entity\Components\Header Files</Filter>
    </ClInclude>
    <ClInclude Include="..\..\Src\Logic\Entity\Components\CameraEffects.h">
      <Filter>Entity\Components\Header Files</Filter>
    </ClInclude>
    <ClInclude Include="..\..\Src\Logic\Entity\Components\AumentoUnSalto.h">
      <Filter>Entity\Components\Header Files</Filter>
    </ClInclude>
    <ClInclude Include="..\..\Src\Logic\Entity\Components\Arms.h">
      <Filter>Entity\Components\Header Files</Filter>
    </ClInclude>
    <ClInclude Include="..\..\Src\Logic\Entity\Components\UsableObjectTrigger.h">
      <Filter>Entity\Components\Header Files</Filter>
    </ClInclude>
    <ClInclude Include="..\..\Src\Logic\Entity\Components\FloatingObject.h">
      <Filter>Entity\Components\Header Files</Filter>
    </ClInclude>
    <ClInclude Include="..\..\Src\Logic\Entity\Components\WeaponController.h">
      <Filter>Entity\Components\Header Files</Filter>
    </ClInclude>
    <ClInclude Include="..\..\Src\Logic\Entity\Components\SmartObjectJump.h">
      <Filter>Entity\Components\Header Files</Filter>
    </ClInclude>
    <ClInclude Include="..\..\Src\Logic\Entity\Components\PhysicsDebug.h">
      <Filter>Entity\Components\Header Files</Filter>
    </ClInclude>
    <ClInclude Include="..\..\Src\Logic\Entity\Components\BulletController.h">
      <Filter>Entity\Components\Header Files</Filter>
    </ClInclude>
    <ClInclude Include="..\..\Src\Logic\Entity\Components\GunAK47.h">
      <Filter>Entity\Components\Header Files</Filter>
    </ClInclude>
    <ClInclude Include="..\..\Src\Logic\Entity\ScriptEntity.h">
      <Filter>Entity\Header Files</Filter>
    </ClInclude>
    <ClInclude Include="..\..\Src\Logic\Entity\Components\ParticleController.h">
      <Filter>Entity\Components\Header Files</Filter>
    </ClInclude>
    <ClInclude Include="..\..\Src\Logic\Entity\Components\PhysicWeapon.h">
      <Filter>Entity\Components\Header Files</Filter>
    </ClInclude>
    <ClInclude Include="..\..\Src\Logic\Entity\Components\EnemyMeleeAttack.h">
      <Filter>Entity\Components\Header Files</Filter>
    </ClInclude>
    <ClInclude Include="..\..\Src\Logic\Entity\Components\Weapon.h">
      <Filter>Entity\Components\Header Files</Filter>
    </ClInclude>
    <ClInclude Include="..\..\Src\Logic\Entity\Components\Katana.h">
      <Filter>Entity\Components\Header Files</Filter>
    </ClInclude>
    <ClInclude Include="..\..\Src\Logic\Entity\Components\SoundSystem.h">
      <Filter>Entity\Components\Header Files</Filter>
    </ClInclude>
    <ClInclude Include="..\..\Src\Logic\Entity\Components\SoundSystem3D.h">
      <Filter>Entity\Components\Header Files</Filter>
    </ClInclude>
    <ClInclude Include="..\..\Src\Logic\Entity\Components\SoundListener.h">
      <Filter>Entity\Components\Header Files</Filter>
    </ClInclude>
    <ClInclude Include="..\..\Src\Logic\Entity\Components\BarraLifeController.h">
      <Filter>Entity\Components\Header Files</Filter>
    </ClInclude>
    <ClInclude Include="..\..\Src\Logic\Entity\Components\ScriptComponent.h">
      <Filter>Entity\Components\Header Files</Filter>
    </ClInclude>
    <ClInclude Include="..\..\Src\Logic\Entity\Components\Shake.h">
      <Filter>Entity\Components\Header Files</Filter>
    </ClInclude>
    <ClInclude Include="..\..\Src\Logic\Entity\Components\AnimatedGraphics.h">
      <Filter>Entity\Components\Header Files</Filter>
    </ClInclude>
    <ClInclude Include="..\..\Src\Logic\Entity\Components\LifePlayer.h">
      <Filter>Entity\Components\Header Files</Filter>
    </ClInclude>
    <ClInclude Include="..\..\Src\Logic\Entity\Components\LifeEnemy.h">
      <Filter>Entity\Components\Header Files</Filter>
    </ClInclude>
    <ClInclude Include="..\..\Src\Logic\Entity\Components\IAApproach.h">
      <Filter>Entity\Components\Header Files</Filter>
    </ClInclude>
    <ClInclude Include="..\..\Src\Logic\Entity\Components\IAIdle.h">
      <Filter>Entity\Components\Header Files</Filter>
    </ClInclude>
    <ClInclude Include="..\..\Src\Logic\Entity\Components\IAShootUniDir.h">
      <Filter>Entity\Components\Header Files</Filter>
    </ClInclude>
    <ClInclude Include="..\..\Src\Logic\Entity\Components\IAShootRaycast.h">
      <Filter>Entity\Components\Header Files</Filter>
    </ClInclude>
    <ClInclude Include="..\..\Src\Logic\Entity\Components\IAShootPlayer.h">
      <Filter>Entity\Components\Header Files</Filter>
    </ClInclude>
    <ClInclude Include="..\..\Src\Logic\Entity\Components\IAKamikaze.h">
      <Filter>Entity\Components\Header Files</Filter>
    </ClInclude>
    <ClInclude Include="..\..\Src\Logic\Entity\Components\IADodge.h">
      <Filter>Entity\Components\Header Files</Filter>
    </ClInclude>
    <ClInclude Include="..\..\Src\Logic\Entity\Components\IADefend.h">
      <Filter>Entity\Components\Header Files</Filter>
    </ClInclude>
    <ClInclude Include="..\..\Src\Logic\Entity\Components\IAInvincible.h">
      <Filter>Entity\Components\Header Files</Filter>
    </ClInclude>
    <ClInclude Include="..\..\Src\Logic\Entity\Components\IAPong.h">
      <Filter>Entity\Components\Header Files</Filter>
    </ClInclude>
    <ClInclude Include="..\..\Src\Logic\Entity\Components\IAWander.h">
      <Filter>Entity\Components\Header Files</Filter>
    </ClInclude>
    <ClInclude Include="..\..\Src\Logic\Entity\Components\IAApproachMultiDir.h">
      <Filter>Entity\Components\Header Files</Filter>
    </ClInclude>
    <ClInclude Include="..\..\Src\Logic\Entity\Components\MovableText.h">
      <Filter>Entity\Components\Header Files</Filter>
    </ClInclude>
    <ClInclude Include="..\..\Src\Logic\Entity\Components\CoinTorqueController.h">
      <Filter>Entity\Components\Header Files</Filter>
    </ClInclude>
    <ClInclude Include="..\..\Src\Logic\Entity\Components\PhysicCoin.h">
      <Filter>Entity\Components\Header Files</Filter>
    </ClInclude>
    <ClInclude Include="..\..\Src\Logic\Entity\Components\StaticText.h">
      <Filter>Entity\Components\Header Files</Filter>
    </ClInclude>
    <ClInclude Include="..\..\Src\Logic\Entity\Components\LifeButler.h">
      <Filter>Entity\Components\Header Files</Filter>
    </ClInclude>
    <ClInclude Include="..\..\Src\Logic\Entity\Components\IATeleport.h">
      <Filter>Entity\Components\Header Files</Filter>
    </ClInclude>
    <ClInclude Include="..\..\Src\Logic\Entity\Components\IARunAway.h">
      <Filter>Entity\Components\Header Files</Filter>
    </ClInclude>
    <ClInclude Include="..\..\Src\Logic\Entity\Components\IASummon.h">
      <Filter>Entity\Components\Header Files</Filter>
    </ClInclude>
    <ClInclude Include="..\..\Src\Logic\Entity\Components\PhysicDoor.h">
      <Filter>Entity\Components\Header Files</Filter>
    </ClInclude>
    <ClInclude Include="..\..\Src\Logic\Entity\Components\LifeDoor.h">
      <Filter>Entity\Components\Header Files</Filter>
    </ClInclude>
    <ClInclude Include="..\..\Src\Logic\Entity\Components\TimeToDisappear.h">
      <Filter>Entity\Components\Header Files</Filter>
    </ClInclude>
    <ClInclude Include="..\..\Src\Logic\Entity\Components\RibbonTrailComponent.h">
      <Filter>Entity\Components\Header Files</Filter>
    </ClInclude>
    <ClInclude Include="..\..\Src\Logic\Entity\Components\IAApproachPosition.h">
      <Filter>Entity\Components\Header Files</Filter>
    </ClInclude>
    <ClInclude Include="..\..\Src\Logic\Entity\Components\IASeekRay.h">
      <Filter>Entity\Components\Header Files</Filter>
    </ClInclude>
    <ClInclude Include="..\..\Src\Logic\Entity\Components\IAStealLife.h">
      <Filter>Entity\Components\Header Files</Filter>
    </ClInclude>
    <ClInclude Include="..\..\Src\Logic\Entity\Components\GunLaser.h">
      <Filter>Entity\Components\Header Files</Filter>
    </ClInclude>
    <ClInclude Include="..\..\Src\Logic\Entity\Components\AIIntermediate.h">
      <Filter>Entity\Components\Header Files</Filter>
    </ClInclude>
    <ClInclude Include="..\..\Src\Logic\Entity\Components\IAAvoid.h">
      <Filter>Entity\Components\Header Files</Filter>
    </ClInclude>
    <ClInclude Include="..\..\Src\Logic\Entity\Components\CameraMenu.h">
      <Filter>Entity\Components\Header Files</Filter>
    </ClInclude>
    <ClInclude Include="..\..\Src\Logic\Entity\Components\SoulMenuGenerator.h">
      <Filter>Entity\Components\Header Files</Filter>
    </ClInclude>
    <ClInclude Include="..\..\Src\Logic\Entity\Components\SoulController.h">
      <Filter>Entity\Components\Header Files</Filter>
    </ClInclude>
    <ClInclude Include="..\..\Src\Logic\Entity\Components\SoulLightEffect.h">
      <Filter>Entity\Components\Header Files</Filter>
    </ClInclude>
    <ClInclude Include="..\..\Src\Logic\Entity\Components\LaserBeamController.h">
      <Filter>Entity\Components\Header Files</Filter>
    </ClInclude>
    <ClInclude Include="..\..\Src\Logic\Entity\Components\TileFragile.h">
      <Filter>Entity\Components\Header Files</Filter>
    </ClInclude>
    <ClInclude Include="..\..\Src\Logic\Entity\Components\PhysicTileFragile.h">
      <Filter>Entity\Components\Header Files</Filter>
    </ClInclude>
    <ClInclude Include="..\..\Src\Logic\Entity\Components\VerVidaEnemigos.h">
      <Filter>Entity\Components\Header Files</Filter>
    </ClInclude>
    <ClInclude Include="..\..\Src\Logic\Entity\Components\RegeneracionVida.h">
      <Filter>Entity\Components\Header Files</Filter>
    </ClInclude>
    <ClInclude Include="..\..\Src\Logic\Entity\Components\AumentoVidaMaxima.h">
      <Filter>Entity\Components\Header Files</Filter>
    </ClInclude>
    <ClInclude Include="..\..\Src\Logic\Entity\Components\AumentoPorcentajeAlmas.h">
      <Filter>Entity\Components\Header Files</Filter>
    </ClInclude>
    <ClInclude Include="..\..\Src\Logic\Entity\Components\DamageMeleeEnemy.h">
      <Filter>Entity\Components\Header Files</Filter>
    </ClInclude>
    <ClInclude Include="..\..\Src\Logic\Entity\Components\RibbonTrailComponentBis.h">
      <Filter>Entity\Components\Header Files</Filter>
    </ClInclude>
    <ClInclude Include="..\..\Src\Logic\Entity\Components\SoulFeedbackController.h">
      <Filter>Entity\Components\Header Files</Filter>
    </ClInclude>
    <ClInclude Include="..\..\Src\Logic\Entity\Components\WaitAnimations.h">
      <Filter>Entity\Components\Header Files</Filter>
    </ClInclude>
    <ClInclude Include="..\..\Src\Logic\Entity\Components\GunDart.h">
      <Filter>Entity\Components\Header Files</Filter>
    </ClInclude>
    <ClInclude Include="..\..\Src\Logic\Entity\Components\particulaChupaAlmasController.h">
      <Filter>Entity\Components\Header Files</Filter>
    </ClInclude>
    <ClInclude Include="..\..\Src\Logic\Entity\Components\Billboard.h">
      <Filter>Entity\Components\Header Files</Filter>
    </ClInclude>
    <ClInclude Include="..\..\Src\Logic\Entity\Components\AltStatCanibal.h">
      <Filter>Entity\Components\Header Files</Filter>
    </ClInclude>
    <ClInclude Include="..\..\Src\Logic\Entity\Components\ArrowEnemy.h">
      <Filter>Entity\Components\Header Files</Filter>
    </ClInclude>
    <ClInclude Include="..\..\Src\Logic\Entity\Components\LaserBallController.h">
      <Filter>Entity\Components\Header Files</Filter>
    </ClInclude>
    <ClInclude Include="..\..\Src\Logic\Entity\Components\TriggerUsableWeapon.h">
      <Filter>Entity\Components\Header Files</Filter>
    </ClInclude>
    <ClInclude Include="..\..\Src\Logic\Entity\Components\CameraPause.h">
      <Filter>Entity\Components\Header Files</Filter>
    </ClInclude>
    <ClInclude Include="..\..\Src\Logic\Entity\Components\BannerAnimationController.h">
      <Filter>Entity\Components\Header Files</Filter>
    </ClInclude>
    <ClInclude Include="..\..\Src\Logic\Entity\Components\ReduceTimeChest.h">
      <Filter>Entity\Components\Header Files</Filter>
    </ClInclude>
    <ClInclude Include="..\..\Src\Logic\Entity\Components\AumentarTiempoReto.h">
      <Filter>Entity\Components\Header Files</Filter>
    </ClInclude>
    <ClInclude Include="..\..\Src\Logic\Entity\Components\GreenSword.h">
      <Filter>Entity\Components\Header Files</Filter>
    </ClInclude>
    <ClInclude Include="..\..\Src\Logic\Entity\Components\SwordSlashController.h">
      <Filter>Entity\Components\Header Files</Filter>
    </ClInclude>
    <ClInclude Include="..\..\Src\Logic\Entity\Components\ShieldSpecialController.h">
      <Filter>Entity\Components\Header Files</Filter>
    </ClInclude>
    <ClInclude Include="..\..\Src\Logic\Entity\Components\MeleeShield.h">
      <Filter>Entity\Components\Header Files</Filter>
    </ClInclude>
    <ClInclude Include="..\..\Src\Logic\Entity\Components\MeleeTongue.h">
      <Filter>Entity\Components\Header Files</Filter>
    </ClInclude>
    <ClInclude Include="..\..\Src\Logic\Entity\Components\AltStatesController.h">
      <Filter>Entity\Components\Header Files</Filter>
    </ClInclude>
    <ClInclude Include="..\..\Src\Logic\Entity\Components\TongueBallController.h">
      <Filter>Entity\Components\Header Files</Filter>
    </ClInclude>
    <ClInclude Include="..\..\Src\Logic\Entity\Components\PinchosController.h">
      <Filter>Entity\Components\Header Files</Filter>
    </ClInclude>
    <ClInclude Include="..\..\Src\Logic\Entity\Components\PushbackComponent.h">
      <Filter>Entity\Components\Header Files</Filter>
    </ClInclude>
    <ClInclude Include="..\..\Src\Logic\Entity\Components\AltarFeedbackController.h">
      <Filter>Entity\Components\Header Files</Filter>
    </ClInclude>
    <ClInclude Include="..\..\Src\Logic\Entity\Components\LifeBrokenObjects.h">
      <Filter>Entity\Components\Header Files</Filter>
    </ClInclude>
  </ItemGroup>
</Project>